
Microsoft Visual Studio Solution File, Format Version 12.00
# Visual Studio Version 16
VisualStudioVersion = 16.0.30002.166
MinimumVisualStudioVersion = 10.0.40219.1
Project("{9A19103F-16F7-4668-BE54-9A1E7A4F7556}") = "DataStructuresAlgorithms.CSharp", "DataStructures.Algorithms.CSharp\DataStructuresAlgorithms.CSharp.csproj", "{D284FE71-57EB-4C9A-BA30-10E6E324AD73}"
EndProject
Global
	GlobalSection(SolutionConfigurationPlatforms) = preSolution
		Debug|Any CPU = Debug|Any CPU
		Release|Any CPU = Release|Any CPU
	EndGlobalSection
	GlobalSection(ProjectConfigurationPlatforms) = postSolution
		{D284FE71-57EB-4C9A-BA30-10E6E324AD73}.Debug|Any CPU.ActiveCfg = Debug|Any CPU
		{D284FE71-57EB-4C9A-BA30-10E6E324AD73}.Debug|Any CPU.Build.0 = Debug|Any CPU
		{D284FE71-57EB-4C9A-BA30-10E6E324AD73}.Release|Any CPU.ActiveCfg = Release|Any CPU
		{D284FE71-57EB-4C9A-BA30-10E6E324AD73}.Release|Any CPU.Build.0 = Release|Any CPU
	EndGlobalSection
	GlobalSection(SolutionProperties) = preSolution
		HideSolutionNode = FALSE
	EndGlobalSection
	GlobalSection(ExtensibilityGlobals) = postSolution
		SolutionGuid = {316D1D63-8D31-445A-8176-7BC487AC1A93}
	EndGlobalSection
EndGlobal
